
Microsoft Visual Studio Solution File, Format Version 12.00
# Visual Studio Version 17
VisualStudioVersion = 17.11.35222.181
MinimumVisualStudioVersion = 10.0.40219.1
Project("{FAE04EC0-301F-11D3-BF4B-00C04F79EFBC}") = "Ejercicio01", "Ejercicio01.csproj", "{40CED983-6346-409E-926D-D9DB11717215}"
EndProject
Global
	GlobalSection(SolutionConfigurationPlatforms) = preSolution
		Debug|Any CPU = Debug|Any CPU
		Release|Any CPU = Release|Any CPU
	EndGlobalSection
	GlobalSection(ProjectConfigurationPlatforms) = postSolution
		{40CED983-6346-409E-926D-D9DB11717215}.Debug|Any CPU.ActiveCfg = Debug|Any CPU
		{40CED983-6346-409E-926D-D9DB11717215}.Debug|Any CPU.Build.0 = Debug|Any CPU
		{40CED983-6346-409E-926D-D9DB11717215}.Release|Any CPU.ActiveCfg = Release|Any CPU
		{40CED983-6346-409E-926D-D9DB11717215}.Release|Any CPU.Build.0 = Release|Any CPU
	EndGlobalSection
	GlobalSection(SolutionProperties) = preSolution
		HideSolutionNode = FALSE
	EndGlobalSection
	GlobalSection(ExtensibilityGlobals) = postSolution
		SolutionGuid = {B77C0F80-2A90-41BB-9C57-8C9A6345B340}
	EndGlobalSection
EndGlobal
